
Microsoft Visual Studio Solution File, Format Version 12.00
# Visual Studio 15
VisualStudioVersion = 15.0.28307.489
MinimumVisualStudioVersion = 10.0.40219.1
Project("{FAE04EC0-301F-11D3-BF4B-00C04F79EFBC}") = "PractiseJune14", "PractiseJune14.csproj", "{D291AEA4-7938-497B-9A37-FAA327A91A19}"
EndProject
Global
	GlobalSection(SolutionConfigurationPlatforms) = preSolution
		Debug|Any CPU = Debug|Any CPU
		Release|Any CPU = Release|Any CPU
	EndGlobalSection
	GlobalSection(ProjectConfigurationPlatforms) = postSolution
		{D291AEA4-7938-497B-9A37-FAA327A91A19}.Debug|Any CPU.ActiveCfg = Debug|Any CPU
		{D291AEA4-7938-497B-9A37-FAA327A91A19}.Debug|Any CPU.Build.0 = Debug|Any CPU
		{D291AEA4-7938-497B-9A37-FAA327A91A19}.Release|Any CPU.ActiveCfg = Release|Any CPU
		{D291AEA4-7938-497B-9A37-FAA327A91A19}.Release|Any CPU.Build.0 = Release|Any CPU
	EndGlobalSection
	GlobalSection(SolutionProperties) = preSolution
		HideSolutionNode = FALSE
	EndGlobalSection
	GlobalSection(ExtensibilityGlobals) = postSolution
		SolutionGuid = {12025638-BF22-4657-9A24-B5A41A8D8142}
	EndGlobalSection
EndGlobal
